
Microsoft Visual Studio Solution File, Format Version 11.00
# Visual Studio 2010
Project("{FAE04EC0-301F-11D3-BF4B-00C04F79EFBC}") = "PointGaming.Desktop", "PointGaming.Desktop\PointGaming.Desktop.csproj", "{7AA39D24-65B8-4315-8CA0-C8F37D7E7352}"
EndProject
Global
	GlobalSection(SolutionConfigurationPlatforms) = preSolution
		Debug|Any CPU = Debug|Any CPU
		Release|Any CPU = Release|Any CPU
	EndGlobalSection
	GlobalSection(ProjectConfigurationPlatforms) = postSolution
		{7AA39D24-65B8-4315-8CA0-C8F37D7E7352}.Debug|Any CPU.ActiveCfg = Debug|Any CPU
		{7AA39D24-65B8-4315-8CA0-C8F37D7E7352}.Debug|Any CPU.Build.0 = Debug|Any CPU
		{7AA39D24-65B8-4315-8CA0-C8F37D7E7352}.Release|Any CPU.ActiveCfg = Release|Any CPU
		{7AA39D24-65B8-4315-8CA0-C8F37D7E7352}.Release|Any CPU.Build.0 = Release|Any CPU
	EndGlobalSection
	GlobalSection(SolutionProperties) = preSolution
		HideSolutionNode = FALSE
	EndGlobalSection
EndGlobal
