
Microsoft Visual Studio Solution File, Format Version 12.00
# Visual Studio 2012
Project("{FAE04EC0-301F-11D3-BF4B-00C04F79EFBC}") = "PointGamingDesktop", "PointGamingDesktop\PointGamingDesktop.csproj", "{DAD7A437-25B6-46EF-A3D7-3ED8665B0857}"
EndProject
Global
	GlobalSection(SolutionConfigurationPlatforms) = preSolution
		Debug|x86 = Debug|x86
		Release|x86 = Release|x86
	EndGlobalSection
	GlobalSection(ProjectConfigurationPlatforms) = postSolution
		{DAD7A437-25B6-46EF-A3D7-3ED8665B0857}.Debug|x86.ActiveCfg = Debug|x86
		{DAD7A437-25B6-46EF-A3D7-3ED8665B0857}.Debug|x86.Build.0 = Debug|x86
		{DAD7A437-25B6-46EF-A3D7-3ED8665B0857}.Release|x86.ActiveCfg = Release|x86
		{DAD7A437-25B6-46EF-A3D7-3ED8665B0857}.Release|x86.Build.0 = Release|x86
	EndGlobalSection
	GlobalSection(SolutionProperties) = preSolution
		HideSolutionNode = FALSE
	EndGlobalSection
EndGlobal
